Microsoft Visual Studio Solution File, Format Version 12.00
# Visual Studio 2013
Project("{8BC9CEB8-8B4A-11D0-8D11-00A0C91BC942}") = "ALL_BUILD", "ALL_BUILD.vcxproj", "{7DF7E110-115C-45C3-BF6A-806E7093964F}"
	ProjectSection(ProjectDependencies) = postProject
		{3704FAF1-DE25-4A9B-BFAB-03847E0D7D9D} = {3704FAF1-DE25-4A9B-BFAB-03847E0D7D9D}
		{417C03A1-8418-4537-BE77-CF124B2DE8A8} = {417C03A1-8418-4537-BE77-CF124B2DE8A8}
		{E80D87BD-94DB-48A7-86A2-9FC6A28FEC53} = {E80D87BD-94DB-48A7-86A2-9FC6A28FEC53}
		{5ACA2FAD-2573-4F8D-9E04-92C2687EBB5E} = {5ACA2FAD-2573-4F8D-9E04-92C2687EBB5E}
		{512BFD67-78E8-4556-8A64-C0B51671EFF4} = {512BFD67-78E8-4556-8A64-C0B51671EFF4}
		{F5EDA3F9-B215-41FB-9F42-15EC45C5D1D8} = {F5EDA3F9-B215-41FB-9F42-15EC45C5D1D8}
		{94CF211D-4B2D-424D-8C0D-7D17A9643BD6} = {94CF211D-4B2D-424D-8C0D-7D17A9643BD6}
		{51960FD4-5479-42F0-A79F-B7F0B18335A0} = {51960FD4-5479-42F0-A79F-B7F0B18335A0}
		{574AE67E-D310-4D83-8883-52C61F71993C} = {574AE67E-D310-4D83-8883-52C61F71993C}
		{C1150CF4-1BB9-43FF-B759-9C226066BE80} = {C1150CF4-1BB9-43FF-B759-9C226066BE80}
		{F5D952F5-2706-418D-B93A-BE23889BE55F} = {F5D952F5-2706-418D-B93A-BE23889BE55F}
		{DDC48C7C-BC94-45BA-A9D5-F1098A7F513C} = {DDC48C7C-BC94-45BA-A9D5-F1098A7F513C}
		{C2B00419-A983-4DA1-9D0D-CDC8D6F39EFD} = {C2B00419-A983-4DA1-9D0D-CDC8D6F39EFD}
		{19F8F1DF-575C-40C0-9E38-CADE4EA239C9} = {19F8F1DF-575C-40C0-9E38-CADE4EA239C9}
		{6E4623CD-83BB-40A9-8D99-62401AF33134} = {6E4623CD-83BB-40A9-8D99-62401AF33134}
		{52558C94-CEF2-4A6B-9CEF-45C611B0C746} = {52558C94-CEF2-4A6B-9CEF-45C611B0C746}
		{95A2CC8F-3BC4-4EFE-8FDA-6DAC7036FC52} = {95A2CC8F-3BC4-4EFE-8FDA-6DAC7036FC52}
		{C1EF637D-9EE6-48E0-8655-64442DD45493} = {C1EF637D-9EE6-48E0-8655-64442DD45493}
		{F49B0EF3-8E65-4FB6-9CBC-A64A9A66979E} = {F49B0EF3-8E65-4FB6-9CBC-A64A9A66979E}
		{195A6535-DFD1-4A2E-9AA4-8AD4022AD8ED} = {195A6535-DFD1-4A2E-9AA4-8AD4022AD8ED}
		{30558176-23D7-4C11-BE5B-46728F442EDD} = {30558176-23D7-4C11-BE5B-46728F442EDD}
		{902DF133-52BA-49B8-8253-08A3A69961CB} = {902DF133-52BA-49B8-8253-08A3A69961CB}
		{F5AC3DCE-CCC0-4A9B-B272-C9A0897AAE96} = {F5AC3DCE-CCC0-4A9B-B272-C9A0897AAE96}
		{C59A6F9C-3BE8-4C07-BD24-0D4EC68D2FCA} = {C59A6F9C-3BE8-4C07-BD24-0D4EC68D2FCA}
		{85C08EDA-06ED-4B98-AF6D-1C3651A9138B} = {85C08EDA-06ED-4B98-AF6D-1C3651A9138B}
		{78F24BE9-056C-4EC7-9C24-476D6E51EE2B} = {78F24BE9-056C-4EC7-9C24-476D6E51EE2B}
		{B82035C3-6630-4C70-8281-E3E31717FE8B} = {B82035C3-6630-4C70-8281-E3E31717FE8B}
		{5A9128C8-F339-4CAC-ADAA-B6DA782367C2} = {5A9128C8-F339-4CAC-ADAA-B6DA782367C2}
		{DE758DD2-2E80-4265-9065-0A14518D09F8} = {DE758DD2-2E80-4265-9065-0A14518D09F8}
		{DD6AB595-1441-4F44-B4BF-5674DF309EED} = {DD6AB595-1441-4F44-B4BF-5674DF309EED}
		{52A26DFF-907C-4552-98E9-FE766D7F1551} = {52A26DFF-907C-4552-98E9-FE766D7F1551}
		{632D0A44-EF3C-4623-B4CC-7B4D777DC0E0} = {632D0A44-EF3C-4623-B4CC-7B4D777DC0E0}
		{B7387AD9-6462-4BE4-B30A-D56ED6BC2DD1} = {B7387AD9-6462-4BE4-B30A-D56ED6BC2DD1}
		{E60C121C-1F65-482A-B8F0-3470D8F01A78} = {E60C121C-1F65-482A-B8F0-3470D8F01A78}
		{CA1A3DEE-57B4-438F-BE58-0849979E10A9} = {CA1A3DEE-57B4-438F-BE58-0849979E10A9}
		{9F550428-1310-4B64-96FB-EDD9804E55C8} = {9F550428-1310-4B64-96FB-EDD9804E55C8}
	EndProjectSection
EndProject
Project("{8BC9CEB8-8B4A-11D0-8D11-00A0C91BC942}") = "ANTTWEAKBAR_116_OGLCORE_GLFW", "external\ANTTWEAKBAR_116_OGLCORE_GLFW.vcxproj", "{3704FAF1-DE25-4A9B-BFAB-03847E0D7D9D}"
	ProjectSection(ProjectDependencies) = postProject
		{51960FD4-5479-42F0-A79F-B7F0B18335A0} = {51960FD4-5479-42F0-A79F-B7F0B18335A0}
	EndProjectSection
EndProject
Project("{8BC9CEB8-8B4A-11D0-8D11-00A0C91BC942}") = "BulletCollision", "external\bullet-2.81-rev2613\src\BulletCollision\BulletCollision.vcxproj", "{417C03A1-8418-4537-BE77-CF124B2DE8A8}"
	ProjectSection(ProjectDependencies) = postProject
		{51960FD4-5479-42F0-A79F-B7F0B18335A0} = {51960FD4-5479-42F0-A79F-B7F0B18335A0}
	EndProjectSection
EndProject
Project("{8BC9CEB8-8B4A-11D0-8D11-00A0C91BC942}") = "BulletDynamics", "external\bullet-2.81-rev2613\src\BulletDynamics\BulletDynamics.vcxproj", "{E80D87BD-94DB-48A7-86A2-9FC6A28FEC53}"
	ProjectSection(ProjectDependencies) = postProject
		{51960FD4-5479-42F0-A79F-B7F0B18335A0} = {51960FD4-5479-42F0-A79F-B7F0B18335A0}
	EndProjectSection
EndProject
Project("{8BC9CEB8-8B4A-11D0-8D11-00A0C91BC942}") = "BulletSoftBody", "external\bullet-2.81-rev2613\src\BulletSoftBody\BulletSoftBody.vcxproj", "{5ACA2FAD-2573-4F8D-9E04-92C2687EBB5E}"
	ProjectSection(ProjectDependencies) = postProject
		{51960FD4-5479-42F0-A79F-B7F0B18335A0} = {51960FD4-5479-42F0-A79F-B7F0B18335A0}
	EndProjectSection
EndProject
Project("{8BC9CEB8-8B4A-11D0-8D11-00A0C91BC942}") = "GLEW_190", "external\GLEW_190.vcxproj", "{512BFD67-78E8-4556-8A64-C0B51671EFF4}"
	ProjectSection(ProjectDependencies) = postProject
		{51960FD4-5479-42F0-A79F-B7F0B18335A0} = {51960FD4-5479-42F0-A79F-B7F0B18335A0}
	EndProjectSection
EndProject
Project("{8BC9CEB8-8B4A-11D0-8D11-00A0C91BC942}") = "GLFW_303", "external\glfw-3.0.3\src\GLFW_303.vcxproj", "{F5EDA3F9-B215-41FB-9F42-15EC45C5D1D8}"
	ProjectSection(ProjectDependencies) = postProject
		{51960FD4-5479-42F0-A79F-B7F0B18335A0} = {51960FD4-5479-42F0-A79F-B7F0B18335A0}
	EndProjectSection
EndProject
Project("{8BC9CEB8-8B4A-11D0-8D11-00A0C91BC942}") = "INSTALL", "INSTALL.vcxproj", "{693DB18D-C2E3-46D1-B462-92BC64D952F4}"
	ProjectSection(ProjectDependencies) = postProject
		{7DF7E110-115C-45C3-BF6A-806E7093964F} = {7DF7E110-115C-45C3-BF6A-806E7093964F}
	EndProjectSection
EndProject
Project("{8BC9CEB8-8B4A-11D0-8D11-00A0C91BC942}") = "LinearMath", "external\bullet-2.81-rev2613\src\LinearMath\LinearMath.vcxproj", "{94CF211D-4B2D-424D-8C0D-7D17A9643BD6}"
	ProjectSection(ProjectDependencies) = postProject
		{51960FD4-5479-42F0-A79F-B7F0B18335A0} = {51960FD4-5479-42F0-A79F-B7F0B18335A0}
	EndProjectSection
EndProject
Project("{8BC9CEB8-8B4A-11D0-8D11-00A0C91BC942}") = "ZERO_CHECK", "ZERO_CHECK.vcxproj", "{51960FD4-5479-42F0-A79F-B7F0B18335A0}"
	ProjectSection(ProjectDependencies) = postProject
	EndProjectSection
EndProject
Project("{8BC9CEB8-8B4A-11D0-8D11-00A0C91BC942}") = "assimp", "external\assimp-3.0.1270\code\assimp.vcxproj", "{574AE67E-D310-4D83-8883-52C61F71993C}"
	ProjectSection(ProjectDependencies) = postProject
		{51960FD4-5479-42F0-A79F-B7F0B18335A0} = {51960FD4-5479-42F0-A79F-B7F0B18335A0}
		{9F550428-1310-4B64-96FB-EDD9804E55C8} = {9F550428-1310-4B64-96FB-EDD9804E55C8}
	EndProjectSection
EndProject
Project("{8BC9CEB8-8B4A-11D0-8D11-00A0C91BC942}") = "misc05_picking_BulletPhysics", "misc05_picking_BulletPhysics.vcxproj", "{C1150CF4-1BB9-43FF-B759-9C226066BE80}"
	ProjectSection(ProjectDependencies) = postProject
		{3704FAF1-DE25-4A9B-BFAB-03847E0D7D9D} = {3704FAF1-DE25-4A9B-BFAB-03847E0D7D9D}
		{417C03A1-8418-4537-BE77-CF124B2DE8A8} = {417C03A1-8418-4537-BE77-CF124B2DE8A8}
		{E80D87BD-94DB-48A7-86A2-9FC6A28FEC53} = {E80D87BD-94DB-48A7-86A2-9FC6A28FEC53}
		{512BFD67-78E8-4556-8A64-C0B51671EFF4} = {512BFD67-78E8-4556-8A64-C0B51671EFF4}
		{F5EDA3F9-B215-41FB-9F42-15EC45C5D1D8} = {F5EDA3F9-B215-41FB-9F42-15EC45C5D1D8}
		{94CF211D-4B2D-424D-8C0D-7D17A9643BD6} = {94CF211D-4B2D-424D-8C0D-7D17A9643BD6}
		{51960FD4-5479-42F0-A79F-B7F0B18335A0} = {51960FD4-5479-42F0-A79F-B7F0B18335A0}
	EndProjectSection
EndProject
Project("{8BC9CEB8-8B4A-11D0-8D11-00A0C91BC942}") = "misc05_picking_custom", "misc05_picking_custom.vcxproj", "{F5D952F5-2706-418D-B93A-BE23889BE55F}"
	ProjectSection(ProjectDependencies) = postProject
		{3704FAF1-DE25-4A9B-BFAB-03847E0D7D9D} = {3704FAF1-DE25-4A9B-BFAB-03847E0D7D9D}
		{512BFD67-78E8-4556-8A64-C0B51671EFF4} = {512BFD67-78E8-4556-8A64-C0B51671EFF4}
		{F5EDA3F9-B215-41FB-9F42-15EC45C5D1D8} = {F5EDA3F9-B215-41FB-9F42-15EC45C5D1D8}
		{51960FD4-5479-42F0-A79F-B7F0B18335A0} = {51960FD4-5479-42F0-A79F-B7F0B18335A0}
	EndProjectSection
EndProject
Project("{8BC9CEB8-8B4A-11D0-8D11-00A0C91BC942}") = "misc05_picking_slow_easy", "misc05_picking_slow_easy.vcxproj", "{DDC48C7C-BC94-45BA-A9D5-F1098A7F513C}"
	ProjectSection(ProjectDependencies) = postProject
		{3704FAF1-DE25-4A9B-BFAB-03847E0D7D9D} = {3704FAF1-DE25-4A9B-BFAB-03847E0D7D9D}
		{512BFD67-78E8-4556-8A64-C0B51671EFF4} = {512BFD67-78E8-4556-8A64-C0B51671EFF4}
		{F5EDA3F9-B215-41FB-9F42-15EC45C5D1D8} = {F5EDA3F9-B215-41FB-9F42-15EC45C5D1D8}
		{51960FD4-5479-42F0-A79F-B7F0B18335A0} = {51960FD4-5479-42F0-A79F-B7F0B18335A0}
	EndProjectSection
EndProject
Project("{8BC9CEB8-8B4A-11D0-8D11-00A0C91BC942}") = "playground", "playground.vcxproj", "{C2B00419-A983-4DA1-9D0D-CDC8D6F39EFD}"
	ProjectSection(ProjectDependencies) = postProject
		{512BFD67-78E8-4556-8A64-C0B51671EFF4} = {512BFD67-78E8-4556-8A64-C0B51671EFF4}
		{F5EDA3F9-B215-41FB-9F42-15EC45C5D1D8} = {F5EDA3F9-B215-41FB-9F42-15EC45C5D1D8}
		{51960FD4-5479-42F0-A79F-B7F0B18335A0} = {51960FD4-5479-42F0-A79F-B7F0B18335A0}
	EndProjectSection
EndProject
Project("{8BC9CEB8-8B4A-11D0-8D11-00A0C91BC942}") = "tutorial01_first_window", "tutorial01_first_window.vcxproj", "{19F8F1DF-575C-40C0-9E38-CADE4EA239C9}"
	ProjectSection(ProjectDependencies) = postProject
		{512BFD67-78E8-4556-8A64-C0B51671EFF4} = {512BFD67-78E8-4556-8A64-C0B51671EFF4}
		{F5EDA3F9-B215-41FB-9F42-15EC45C5D1D8} = {F5EDA3F9-B215-41FB-9F42-15EC45C5D1D8}
		{51960FD4-5479-42F0-A79F-B7F0B18335A0} = {51960FD4-5479-42F0-A79F-B7F0B18335A0}
	EndProjectSection
EndProject
Project("{8BC9CEB8-8B4A-11D0-8D11-00A0C91BC942}") = "tutorial02_red_triangle", "tutorial02_red_triangle.vcxproj", "{6E4623CD-83BB-40A9-8D99-62401AF33134}"
	ProjectSection(ProjectDependencies) = postProject
		{512BFD67-78E8-4556-8A64-C0B51671EFF4} = {512BFD67-78E8-4556-8A64-C0B51671EFF4}
		{F5EDA3F9-B215-41FB-9F42-15EC45C5D1D8} = {F5EDA3F9-B215-41FB-9F42-15EC45C5D1D8}
		{51960FD4-5479-42F0-A79F-B7F0B18335A0} = {51960FD4-5479-42F0-A79F-B7F0B18335A0}
	EndProjectSection
EndProject
Project("{8BC9CEB8-8B4A-11D0-8D11-00A0C91BC942}") = "tutorial03_matrices", "tutorial03_matrices.vcxproj", "{52558C94-CEF2-4A6B-9CEF-45C611B0C746}"
	ProjectSection(ProjectDependencies) = postProject
		{512BFD67-78E8-4556-8A64-C0B51671EFF4} = {512BFD67-78E8-4556-8A64-C0B51671EFF4}
		{F5EDA3F9-B215-41FB-9F42-15EC45C5D1D8} = {F5EDA3F9-B215-41FB-9F42-15EC45C5D1D8}
		{51960FD4-5479-42F0-A79F-B7F0B18335A0} = {51960FD4-5479-42F0-A79F-B7F0B18335A0}
	EndProjectSection
EndProject
Project("{8BC9CEB8-8B4A-11D0-8D11-00A0C91BC942}") = "tutorial04_colored_cube", "tutorial04_colored_cube.vcxproj", "{95A2CC8F-3BC4-4EFE-8FDA-6DAC7036FC52}"
	ProjectSection(ProjectDependencies) = postProject
		{512BFD67-78E8-4556-8A64-C0B51671EFF4} = {512BFD67-78E8-4556-8A64-C0B51671EFF4}
		{F5EDA3F9-B215-41FB-9F42-15EC45C5D1D8} = {F5EDA3F9-B215-41FB-9F42-15EC45C5D1D8}
		{51960FD4-5479-42F0-A79F-B7F0B18335A0} = {51960FD4-5479-42F0-A79F-B7F0B18335A0}
	EndProjectSection
EndProject
Project("{8BC9CEB8-8B4A-11D0-8D11-00A0C91BC942}") = "tutorial05_textured_cube", "tutorial05_textured_cube.vcxproj", "{C1EF637D-9EE6-48E0-8655-64442DD45493}"
	ProjectSection(ProjectDependencies) = postProject
		{512BFD67-78E8-4556-8A64-C0B51671EFF4} = {512BFD67-78E8-4556-8A64-C0B51671EFF4}
		{F5EDA3F9-B215-41FB-9F42-15EC45C5D1D8} = {F5EDA3F9-B215-41FB-9F42-15EC45C5D1D8}
		{51960FD4-5479-42F0-A79F-B7F0B18335A0} = {51960FD4-5479-42F0-A79F-B7F0B18335A0}
	EndProjectSection
EndProject
Project("{8BC9CEB8-8B4A-11D0-8D11-00A0C91BC942}") = "tutorial06_keyboard_and_mouse", "tutorial06_keyboard_and_mouse.vcxproj", "{F49B0EF3-8E65-4FB6-9CBC-A64A9A66979E}"
	ProjectSection(ProjectDependencies) = postProject
		{512BFD67-78E8-4556-8A64-C0B51671EFF4} = {512BFD67-78E8-4556-8A64-C0B51671EFF4}
		{F5EDA3F9-B215-41FB-9F42-15EC45C5D1D8} = {F5EDA3F9-B215-41FB-9F42-15EC45C5D1D8}
		{51960FD4-5479-42F0-A79F-B7F0B18335A0} = {51960FD4-5479-42F0-A79F-B7F0B18335A0}
	EndProjectSection
EndProject
Project("{8BC9CEB8-8B4A-11D0-8D11-00A0C91BC942}") = "tutorial07_model_loading", "tutorial07_model_loading.vcxproj", "{195A6535-DFD1-4A2E-9AA4-8AD4022AD8ED}"
	ProjectSection(ProjectDependencies) = postProject
		{512BFD67-78E8-4556-8A64-C0B51671EFF4} = {512BFD67-78E8-4556-8A64-C0B51671EFF4}
		{F5EDA3F9-B215-41FB-9F42-15EC45C5D1D8} = {F5EDA3F9-B215-41FB-9F42-15EC45C5D1D8}
		{51960FD4-5479-42F0-A79F-B7F0B18335A0} = {51960FD4-5479-42F0-A79F-B7F0B18335A0}
	EndProjectSection
EndProject
Project("{8BC9CEB8-8B4A-11D0-8D11-00A0C91BC942}") = "tutorial08_basic_shading", "tutorial08_basic_shading.vcxproj", "{30558176-23D7-4C11-BE5B-46728F442EDD}"
	ProjectSection(ProjectDependencies) = postProject
		{512BFD67-78E8-4556-8A64-C0B51671EFF4} = {512BFD67-78E8-4556-8A64-C0B51671EFF4}
		{F5EDA3F9-B215-41FB-9F42-15EC45C5D1D8} = {F5EDA3F9-B215-41FB-9F42-15EC45C5D1D8}
		{51960FD4-5479-42F0-A79F-B7F0B18335A0} = {51960FD4-5479-42F0-A79F-B7F0B18335A0}
	EndProjectSection
EndProject
Project("{8BC9CEB8-8B4A-11D0-8D11-00A0C91BC942}") = "tutorial09_AssImp", "tutorial09_AssImp.vcxproj", "{902DF133-52BA-49B8-8253-08A3A69961CB}"
	ProjectSection(ProjectDependencies) = postProject
		{512BFD67-78E8-4556-8A64-C0B51671EFF4} = {512BFD67-78E8-4556-8A64-C0B51671EFF4}
		{F5EDA3F9-B215-41FB-9F42-15EC45C5D1D8} = {F5EDA3F9-B215-41FB-9F42-15EC45C5D1D8}
		{51960FD4-5479-42F0-A79F-B7F0B18335A0} = {51960FD4-5479-42F0-A79F-B7F0B18335A0}
		{574AE67E-D310-4D83-8883-52C61F71993C} = {574AE67E-D310-4D83-8883-52C61F71993C}
		{9F550428-1310-4B64-96FB-EDD9804E55C8} = {9F550428-1310-4B64-96FB-EDD9804E55C8}
	EndProjectSection
EndProject
Project("{8BC9CEB8-8B4A-11D0-8D11-00A0C91BC942}") = "tutorial09_several_objects", "tutorial09_several_objects.vcxproj", "{F5AC3DCE-CCC0-4A9B-B272-C9A0897AAE96}"
	ProjectSection(ProjectDependencies) = postProject
		{512BFD67-78E8-4556-8A64-C0B51671EFF4} = {512BFD67-78E8-4556-8A64-C0B51671EFF4}
		{F5EDA3F9-B215-41FB-9F42-15EC45C5D1D8} = {F5EDA3F9-B215-41FB-9F42-15EC45C5D1D8}
		{51960FD4-5479-42F0-A79F-B7F0B18335A0} = {51960FD4-5479-42F0-A79F-B7F0B18335A0}
	EndProjectSection
EndProject
Project("{8BC9CEB8-8B4A-11D0-8D11-00A0C91BC942}") = "tutorial09_vbo_indexing", "tutorial09_vbo_indexing.vcxproj", "{C59A6F9C-3BE8-4C07-BD24-0D4EC68D2FCA}"
	ProjectSection(ProjectDependencies) = postProject
		{512BFD67-78E8-4556-8A64-C0B51671EFF4} = {512BFD67-78E8-4556-8A64-C0B51671EFF4}
		{F5EDA3F9-B215-41FB-9F42-15EC45C5D1D8} = {F5EDA3F9-B215-41FB-9F42-15EC45C5D1D8}
		{51960FD4-5479-42F0-A79F-B7F0B18335A0} = {51960FD4-5479-42F0-A79F-B7F0B18335A0}
	EndProjectSection
EndProject
Project("{8BC9CEB8-8B4A-11D0-8D11-00A0C91BC942}") = "tutorial10_transparency", "tutorial10_transparency.vcxproj", "{85C08EDA-06ED-4B98-AF6D-1C3651A9138B}"
	ProjectSection(ProjectDependencies) = postProject
		{512BFD67-78E8-4556-8A64-C0B51671EFF4} = {512BFD67-78E8-4556-8A64-C0B51671EFF4}
		{F5EDA3F9-B215-41FB-9F42-15EC45C5D1D8} = {F5EDA3F9-B215-41FB-9F42-15EC45C5D1D8}
		{51960FD4-5479-42F0-A79F-B7F0B18335A0} = {51960FD4-5479-42F0-A79F-B7F0B18335A0}
	EndProjectSection
EndProject
Project("{8BC9CEB8-8B4A-11D0-8D11-00A0C91BC942}") = "tutorial11_2d_fonts", "tutorial11_2d_fonts.vcxproj", "{78F24BE9-056C-4EC7-9C24-476D6E51EE2B}"
	ProjectSection(ProjectDependencies) = postProject
		{512BFD67-78E8-4556-8A64-C0B51671EFF4} = {512BFD67-78E8-4556-8A64-C0B51671EFF4}
		{F5EDA3F9-B215-41FB-9F42-15EC45C5D1D8} = {F5EDA3F9-B215-41FB-9F42-15EC45C5D1D8}
		{51960FD4-5479-42F0-A79F-B7F0B18335A0} = {51960FD4-5479-42F0-A79F-B7F0B18335A0}
	EndProjectSection
EndProject
Project("{8BC9CEB8-8B4A-11D0-8D11-00A0C91BC942}") = "tutorial12_extensions", "tutorial12_extensions.vcxproj", "{B82035C3-6630-4C70-8281-E3E31717FE8B}"
	ProjectSection(ProjectDependencies) = postProject
		{512BFD67-78E8-4556-8A64-C0B51671EFF4} = {512BFD67-78E8-4556-8A64-C0B51671EFF4}
		{F5EDA3F9-B215-41FB-9F42-15EC45C5D1D8} = {F5EDA3F9-B215-41FB-9F42-15EC45C5D1D8}
		{51960FD4-5479-42F0-A79F-B7F0B18335A0} = {51960FD4-5479-42F0-A79F-B7F0B18335A0}
	EndProjectSection
EndProject
Project("{8BC9CEB8-8B4A-11D0-8D11-00A0C91BC942}") = "tutorial13_normal_mapping", "tutorial13_normal_mapping.vcxproj", "{5A9128C8-F339-4CAC-ADAA-B6DA782367C2}"
	ProjectSection(ProjectDependencies) = postProject
		{512BFD67-78E8-4556-8A64-C0B51671EFF4} = {512BFD67-78E8-4556-8A64-C0B51671EFF4}
		{F5EDA3F9-B215-41FB-9F42-15EC45C5D1D8} = {F5EDA3F9-B215-41FB-9F42-15EC45C5D1D8}
		{51960FD4-5479-42F0-A79F-B7F0B18335A0} = {51960FD4-5479-42F0-A79F-B7F0B18335A0}
	EndProjectSection
EndProject
Project("{8BC9CEB8-8B4A-11D0-8D11-00A0C91BC942}") = "tutorial14_render_to_texture", "tutorial14_render_to_texture.vcxproj", "{DE758DD2-2E80-4265-9065-0A14518D09F8}"
	ProjectSection(ProjectDependencies) = postProject
		{512BFD67-78E8-4556-8A64-C0B51671EFF4} = {512BFD67-78E8-4556-8A64-C0B51671EFF4}
		{F5EDA3F9-B215-41FB-9F42-15EC45C5D1D8} = {F5EDA3F9-B215-41FB-9F42-15EC45C5D1D8}
		{51960FD4-5479-42F0-A79F-B7F0B18335A0} = {51960FD4-5479-42F0-A79F-B7F0B18335A0}
	EndProjectSection
EndProject
Project("{8BC9CEB8-8B4A-11D0-8D11-00A0C91BC942}") = "tutorial15_lightmaps", "tutorial15_lightmaps.vcxproj", "{DD6AB595-1441-4F44-B4BF-5674DF309EED}"
	ProjectSection(ProjectDependencies) = postProject
		{512BFD67-78E8-4556-8A64-C0B51671EFF4} = {512BFD67-78E8-4556-8A64-C0B51671EFF4}
		{F5EDA3F9-B215-41FB-9F42-15EC45C5D1D8} = {F5EDA3F9-B215-41FB-9F42-15EC45C5D1D8}
		{51960FD4-5479-42F0-A79F-B7F0B18335A0} = {51960FD4-5479-42F0-A79F-B7F0B18335A0}
	EndProjectSection
EndProject
Project("{8BC9CEB8-8B4A-11D0-8D11-00A0C91BC942}") = "tutorial16_shadowmaps", "tutorial16_shadowmaps.vcxproj", "{52A26DFF-907C-4552-98E9-FE766D7F1551}"
	ProjectSection(ProjectDependencies) = postProject
		{512BFD67-78E8-4556-8A64-C0B51671EFF4} = {512BFD67-78E8-4556-8A64-C0B51671EFF4}
		{F5EDA3F9-B215-41FB-9F42-15EC45C5D1D8} = {F5EDA3F9-B215-41FB-9F42-15EC45C5D1D8}
		{51960FD4-5479-42F0-A79F-B7F0B18335A0} = {51960FD4-5479-42F0-A79F-B7F0B18335A0}
	EndProjectSection
EndProject
Project("{8BC9CEB8-8B4A-11D0-8D11-00A0C91BC942}") = "tutorial16_shadowmaps_simple", "tutorial16_shadowmaps_simple.vcxproj", "{632D0A44-EF3C-4623-B4CC-7B4D777DC0E0}"
	ProjectSection(ProjectDependencies) = postProject
		{512BFD67-78E8-4556-8A64-C0B51671EFF4} = {512BFD67-78E8-4556-8A64-C0B51671EFF4}
		{F5EDA3F9-B215-41FB-9F42-15EC45C5D1D8} = {F5EDA3F9-B215-41FB-9F42-15EC45C5D1D8}
		{51960FD4-5479-42F0-A79F-B7F0B18335A0} = {51960FD4-5479-42F0-A79F-B7F0B18335A0}
	EndProjectSection
EndProject
Project("{8BC9CEB8-8B4A-11D0-8D11-00A0C91BC942}") = "tutorial17_rotations", "tutorial17_rotations.vcxproj", "{B7387AD9-6462-4BE4-B30A-D56ED6BC2DD1}"
	ProjectSection(ProjectDependencies) = postProject
		{3704FAF1-DE25-4A9B-BFAB-03847E0D7D9D} = {3704FAF1-DE25-4A9B-BFAB-03847E0D7D9D}
		{512BFD67-78E8-4556-8A64-C0B51671EFF4} = {512BFD67-78E8-4556-8A64-C0B51671EFF4}
		{F5EDA3F9-B215-41FB-9F42-15EC45C5D1D8} = {F5EDA3F9-B215-41FB-9F42-15EC45C5D1D8}
		{51960FD4-5479-42F0-A79F-B7F0B18335A0} = {51960FD4-5479-42F0-A79F-B7F0B18335A0}
	EndProjectSection
EndProject
Project("{8BC9CEB8-8B4A-11D0-8D11-00A0C91BC942}") = "tutorial18_billboards", "tutorial18_billboards.vcxproj", "{E60C121C-1F65-482A-B8F0-3470D8F01A78}"
	ProjectSection(ProjectDependencies) = postProject
		{512BFD67-78E8-4556-8A64-C0B51671EFF4} = {512BFD67-78E8-4556-8A64-C0B51671EFF4}
		{F5EDA3F9-B215-41FB-9F42-15EC45C5D1D8} = {F5EDA3F9-B215-41FB-9F42-15EC45C5D1D8}
		{51960FD4-5479-42F0-A79F-B7F0B18335A0} = {51960FD4-5479-42F0-A79F-B7F0B18335A0}
	EndProjectSection
EndProject
Project("{8BC9CEB8-8B4A-11D0-8D11-00A0C91BC942}") = "tutorial18_particles", "tutorial18_particles.vcxproj", "{CA1A3DEE-57B4-438F-BE58-0849979E10A9}"
	ProjectSection(ProjectDependencies) = postProject
		{512BFD67-78E8-4556-8A64-C0B51671EFF4} = {512BFD67-78E8-4556-8A64-C0B51671EFF4}
		{F5EDA3F9-B215-41FB-9F42-15EC45C5D1D8} = {F5EDA3F9-B215-41FB-9F42-15EC45C5D1D8}
		{51960FD4-5479-42F0-A79F-B7F0B18335A0} = {51960FD4-5479-42F0-A79F-B7F0B18335A0}
	EndProjectSection
EndProject
Project("{8BC9CEB8-8B4A-11D0-8D11-00A0C91BC942}") = "zlib", "external\assimp-3.0.1270\contrib\zlib\zlib.vcxproj", "{9F550428-1310-4B64-96FB-EDD9804E55C8}"
	ProjectSection(ProjectDependencies) = postProject
		{51960FD4-5479-42F0-A79F-B7F0B18335A0} = {51960FD4-5479-42F0-A79F-B7F0B18335A0}
	EndProjectSection
EndProject
Global
	GlobalSection(SolutionConfigurationPlatforms) = preSolution
		Debug|Win32 = Debug|Win32
		Release|Win32 = Release|Win32
		MinSizeRel|Win32 = MinSizeRel|Win32
		RelWithDebInfo|Win32 = RelWithDebInfo|Win32
	EndGlobalSection
	GlobalSection(ProjectConfigurationPlatforms) = postSolution
		{7DF7E110-115C-45C3-BF6A-806E7093964F}.Debug|Win32.ActiveCfg = Debug|Win32
		{7DF7E110-115C-45C3-BF6A-806E7093964F}.Debug|Win32.Build.0 = Debug|Win32
		{7DF7E110-115C-45C3-BF6A-806E7093964F}.Release|Win32.ActiveCfg = Release|Win32
		{7DF7E110-115C-45C3-BF6A-806E7093964F}.Release|Win32.Build.0 = Release|Win32
		{7DF7E110-115C-45C3-BF6A-806E7093964F}.MinSizeRel|Win32.ActiveCfg = MinSizeRel|Win32
		{7DF7E110-115C-45C3-BF6A-806E7093964F}.MinSizeRel|Win32.Build.0 = MinSizeRel|Win32
		{7DF7E110-115C-45C3-BF6A-806E7093964F}.RelWithDebInfo|Win32.ActiveCfg = RelWithDebInfo|Win32
		{7DF7E110-115C-45C3-BF6A-806E7093964F}.RelWithDebInfo|Win32.Build.0 = RelWithDebInfo|Win32
		{3704FAF1-DE25-4A9B-BFAB-03847E0D7D9D}.Debug|Win32.ActiveCfg = Debug|Win32
		{3704FAF1-DE25-4A9B-BFAB-03847E0D7D9D}.Debug|Win32.Build.0 = Debug|Win32
		{3704FAF1-DE25-4A9B-BFAB-03847E0D7D9D}.Release|Win32.ActiveCfg = Release|Win32
		{3704FAF1-DE25-4A9B-BFAB-03847E0D7D9D}.Release|Win32.Build.0 = Release|Win32
		{3704FAF1-DE25-4A9B-BFAB-03847E0D7D9D}.MinSizeRel|Win32.ActiveCfg = MinSizeRel|Win32
		{3704FAF1-DE25-4A9B-BFAB-03847E0D7D9D}.MinSizeRel|Win32.Build.0 = MinSizeRel|Win32
		{3704FAF1-DE25-4A9B-BFAB-03847E0D7D9D}.RelWithDebInfo|Win32.ActiveCfg = RelWithDebInfo|Win32
		{3704FAF1-DE25-4A9B-BFAB-03847E0D7D9D}.RelWithDebInfo|Win32.Build.0 = RelWithDebInfo|Win32
		{417C03A1-8418-4537-BE77-CF124B2DE8A8}.Debug|Win32.ActiveCfg = Debug|Win32
		{417C03A1-8418-4537-BE77-CF124B2DE8A8}.Debug|Win32.Build.0 = Debug|Win32
		{417C03A1-8418-4537-BE77-CF124B2DE8A8}.Release|Win32.ActiveCfg = Release|Win32
		{417C03A1-8418-4537-BE77-CF124B2DE8A8}.Release|Win32.Build.0 = Release|Win32
		{417C03A1-8418-4537-BE77-CF124B2DE8A8}.MinSizeRel|Win32.ActiveCfg = MinSizeRel|Win32
		{417C03A1-8418-4537-BE77-CF124B2DE8A8}.MinSizeRel|Win32.Build.0 = MinSizeRel|Win32
		{417C03A1-8418-4537-BE77-CF124B2DE8A8}.RelWithDebInfo|Win32.ActiveCfg = RelWithDebInfo|Win32
		{417C03A1-8418-4537-BE77-CF124B2DE8A8}.RelWithDebInfo|Win32.Build.0 = RelWithDebInfo|Win32
		{E80D87BD-94DB-48A7-86A2-9FC6A28FEC53}.Debug|Win32.ActiveCfg = Debug|Win32
		{E80D87BD-94DB-48A7-86A2-9FC6A28FEC53}.Debug|Win32.Build.0 = Debug|Win32
		{E80D87BD-94DB-48A7-86A2-9FC6A28FEC53}.Release|Win32.ActiveCfg = Release|Win32
		{E80D87BD-94DB-48A7-86A2-9FC6A28FEC53}.Release|Win32.Build.0 = Release|Win32
		{E80D87BD-94DB-48A7-86A2-9FC6A28FEC53}.MinSizeRel|Win32.ActiveCfg = MinSizeRel|Win32
		{E80D87BD-94DB-48A7-86A2-9FC6A28FEC53}.MinSizeRel|Win32.Build.0 = MinSizeRel|Win32
		{E80D87BD-94DB-48A7-86A2-9FC6A28FEC53}.RelWithDebInfo|Win32.ActiveCfg = RelWithDebInfo|Win32
		{E80D87BD-94DB-48A7-86A2-9FC6A28FEC53}.RelWithDebInfo|Win32.Build.0 = RelWithDebInfo|Win32
		{5ACA2FAD-2573-4F8D-9E04-92C2687EBB5E}.Debug|Win32.ActiveCfg = Debug|Win32
		{5ACA2FAD-2573-4F8D-9E04-92C2687EBB5E}.Debug|Win32.Build.0 = Debug|Win32
		{5ACA2FAD-2573-4F8D-9E04-92C2687EBB5E}.Release|Win32.ActiveCfg = Release|Win32
		{5ACA2FAD-2573-4F8D-9E04-92C2687EBB5E}.Release|Win32.Build.0 = Release|Win32
		{5ACA2FAD-2573-4F8D-9E04-92C2687EBB5E}.MinSizeRel|Win32.ActiveCfg = MinSizeRel|Win32
		{5ACA2FAD-2573-4F8D-9E04-92C2687EBB5E}.MinSizeRel|Win32.Build.0 = MinSizeRel|Win32
		{5ACA2FAD-2573-4F8D-9E04-92C2687EBB5E}.RelWithDebInfo|Win32.ActiveCfg = RelWithDebInfo|Win32
		{5ACA2FAD-2573-4F8D-9E04-92C2687EBB5E}.RelWithDebInfo|Win32.Build.0 = RelWithDebInfo|Win32
		{512BFD67-78E8-4556-8A64-C0B51671EFF4}.Debug|Win32.ActiveCfg = Debug|Win32
		{512BFD67-78E8-4556-8A64-C0B51671EFF4}.Debug|Win32.Build.0 = Debug|Win32
		{512BFD67-78E8-4556-8A64-C0B51671EFF4}.Release|Win32.ActiveCfg = Release|Win32
		{512BFD67-78E8-4556-8A64-C0B51671EFF4}.Release|Win32.Build.0 = Release|Win32
		{512BFD67-78E8-4556-8A64-C0B51671EFF4}.MinSizeRel|Win32.ActiveCfg = MinSizeRel|Win32
		{512BFD67-78E8-4556-8A64-C0B51671EFF4}.MinSizeRel|Win32.Build.0 = MinSizeRel|Win32
		{512BFD67-78E8-4556-8A64-C0B51671EFF4}.RelWithDebInfo|Win32.ActiveCfg = RelWithDebInfo|Win32
		{512BFD67-78E8-4556-8A64-C0B51671EFF4}.RelWithDebInfo|Win32.Build.0 = RelWithDebInfo|Win32
		{F5EDA3F9-B215-41FB-9F42-15EC45C5D1D8}.Debug|Win32.ActiveCfg = Debug|Win32
		{F5EDA3F9-B215-41FB-9F42-15EC45C5D1D8}.Debug|Win32.Build.0 = Debug|Win32
		{F5EDA3F9-B215-41FB-9F42-15EC45C5D1D8}.Release|Win32.ActiveCfg = Release|Win32
		{F5EDA3F9-B215-41FB-9F42-15EC45C5D1D8}.Release|Win32.Build.0 = Release|Win32
		{F5EDA3F9-B215-41FB-9F42-15EC45C5D1D8}.MinSizeRel|Win32.ActiveCfg = MinSizeRel|Win32
		{F5EDA3F9-B215-41FB-9F42-15EC45C5D1D8}.MinSizeRel|Win32.Build.0 = MinSizeRel|Win32
		{F5EDA3F9-B215-41FB-9F42-15EC45C5D1D8}.RelWithDebInfo|Win32.ActiveCfg = RelWithDebInfo|Win32
		{F5EDA3F9-B215-41FB-9F42-15EC45C5D1D8}.RelWithDebInfo|Win32.Build.0 = RelWithDebInfo|Win32
		{693DB18D-C2E3-46D1-B462-92BC64D952F4}.Debug|Win32.ActiveCfg = Debug|Win32
		{693DB18D-C2E3-46D1-B462-92BC64D952F4}.Release|Win32.ActiveCfg = Release|Win32
		{693DB18D-C2E3-46D1-B462-92BC64D952F4}.MinSizeRel|Win32.ActiveCfg = MinSizeRel|Win32
		{693DB18D-C2E3-46D1-B462-92BC64D952F4}.RelWithDebInfo|Win32.ActiveCfg = RelWithDebInfo|Win32
		{94CF211D-4B2D-424D-8C0D-7D17A9643BD6}.Debug|Win32.ActiveCfg = Debug|Win32
		{94CF211D-4B2D-424D-8C0D-7D17A9643BD6}.Debug|Win32.Build.0 = Debug|Win32
		{94CF211D-4B2D-424D-8C0D-7D17A9643BD6}.Release|Win32.ActiveCfg = Release|Win32
		{94CF211D-4B2D-424D-8C0D-7D17A9643BD6}.Release|Win32.Build.0 = Release|Win32
		{94CF211D-4B2D-424D-8C0D-7D17A9643BD6}.MinSizeRel|Win32.ActiveCfg = MinSizeRel|Win32
		{94CF211D-4B2D-424D-8C0D-7D17A9643BD6}.MinSizeRel|Win32.Build.0 = MinSizeRel|Win32
		{94CF211D-4B2D-424D-8C0D-7D17A9643BD6}.RelWithDebInfo|Win32.ActiveCfg = RelWithDebInfo|Win32
		{94CF211D-4B2D-424D-8C0D-7D17A9643BD6}.RelWithDebInfo|Win32.Build.0 = RelWithDebInfo|Win32
		{51960FD4-5479-42F0-A79F-B7F0B18335A0}.Debug|Win32.ActiveCfg = Debug|Win32
		{51960FD4-5479-42F0-A79F-B7F0B18335A0}.Debug|Win32.Build.0 = Debug|Win32
		{51960FD4-5479-42F0-A79F-B7F0B18335A0}.Release|Win32.ActiveCfg = Release|Win32
		{51960FD4-5479-42F0-A79F-B7F0B18335A0}.Release|Win32.Build.0 = Release|Win32
		{51960FD4-5479-42F0-A79F-B7F0B18335A0}.MinSizeRel|Win32.ActiveCfg = MinSizeRel|Win32
		{51960FD4-5479-42F0-A79F-B7F0B18335A0}.MinSizeRel|Win32.Build.0 = MinSizeRel|Win32
		{51960FD4-5479-42F0-A79F-B7F0B18335A0}.RelWithDebInfo|Win32.ActiveCfg = RelWithDebInfo|Win32
		{51960FD4-5479-42F0-A79F-B7F0B18335A0}.RelWithDebInfo|Win32.Build.0 = RelWithDebInfo|Win32
		{574AE67E-D310-4D83-8883-52C61F71993C}.Debug|Win32.ActiveCfg = Debug|Win32
		{574AE67E-D310-4D83-8883-52C61F71993C}.Debug|Win32.Build.0 = Debug|Win32
		{574AE67E-D310-4D83-8883-52C61F71993C}.Release|Win32.ActiveCfg = Release|Win32
		{574AE67E-D310-4D83-8883-52C61F71993C}.Release|Win32.Build.0 = Release|Win32
		{574AE67E-D310-4D83-8883-52C61F71993C}.MinSizeRel|Win32.ActiveCfg = MinSizeRel|Win32
		{574AE67E-D310-4D83-8883-52C61F71993C}.MinSizeRel|Win32.Build.0 = MinSizeRel|Win32
		{574AE67E-D310-4D83-8883-52C61F71993C}.RelWithDebInfo|Win32.ActiveCfg = RelWithDebInfo|Win32
		{574AE67E-D310-4D83-8883-52C61F71993C}.RelWithDebInfo|Win32.Build.0 = RelWithDebInfo|Win32
		{C1150CF4-1BB9-43FF-B759-9C226066BE80}.Debug|Win32.ActiveCfg = Debug|Win32
		{C1150CF4-1BB9-43FF-B759-9C226066BE80}.Debug|Win32.Build.0 = Debug|Win32
		{C1150CF4-1BB9-43FF-B759-9C226066BE80}.Release|Win32.ActiveCfg = Release|Win32
		{C1150CF4-1BB9-43FF-B759-9C226066BE80}.Release|Win32.Build.0 = Release|Win32
		{C1150CF4-1BB9-43FF-B759-9C226066BE80}.MinSizeRel|Win32.ActiveCfg = MinSizeRel|Win32
		{C1150CF4-1BB9-43FF-B759-9C226066BE80}.MinSizeRel|Win32.Build.0 = MinSizeRel|Win32
		{C1150CF4-1BB9-43FF-B759-9C226066BE80}.RelWithDebInfo|Win32.ActiveCfg = RelWithDebInfo|Win32
		{C1150CF4-1BB9-43FF-B759-9C226066BE80}.RelWithDebInfo|Win32.Build.0 = RelWithDebInfo|Win32
		{F5D952F5-2706-418D-B93A-BE23889BE55F}.Debug|Win32.ActiveCfg = Debug|Win32
		{F5D952F5-2706-418D-B93A-BE23889BE55F}.Debug|Win32.Build.0 = Debug|Win32
		{F5D952F5-2706-418D-B93A-BE23889BE55F}.Release|Win32.ActiveCfg = Release|Win32
		{F5D952F5-2706-418D-B93A-BE23889BE55F}.Release|Win32.Build.0 = Release|Win32
		{F5D952F5-2706-418D-B93A-BE23889BE55F}.MinSizeRel|Win32.ActiveCfg = MinSizeRel|Win32
		{F5D952F5-2706-418D-B93A-BE23889BE55F}.MinSizeRel|Win32.Build.0 = MinSizeRel|Win32
		{F5D952F5-2706-418D-B93A-BE23889BE55F}.RelWithDebInfo|Win32.ActiveCfg = RelWithDebInfo|Win32
		{F5D952F5-2706-418D-B93A-BE23889BE55F}.RelWithDebInfo|Win32.Build.0 = RelWithDebInfo|Win32
		{DDC48C7C-BC94-45BA-A9D5-F1098A7F513C}.Debug|Win32.ActiveCfg = Debug|Win32
		{DDC48C7C-BC94-45BA-A9D5-F1098A7F513C}.Debug|Win32.Build.0 = Debug|Win32
		{DDC48C7C-BC94-45BA-A9D5-F1098A7F513C}.Release|Win32.ActiveCfg = Release|Win32
		{DDC48C7C-BC94-45BA-A9D5-F1098A7F513C}.Release|Win32.Build.0 = Release|Win32
		{DDC48C7C-BC94-45BA-A9D5-F1098A7F513C}.MinSizeRel|Win32.ActiveCfg = MinSizeRel|Win32
		{DDC48C7C-BC94-45BA-A9D5-F1098A7F513C}.MinSizeRel|Win32.Build.0 = MinSizeRel|Win32
		{DDC48C7C-BC94-45BA-A9D5-F1098A7F513C}.RelWithDebInfo|Win32.ActiveCfg = RelWithDebInfo|Win32
		{DDC48C7C-BC94-45BA-A9D5-F1098A7F513C}.RelWithDebInfo|Win32.Build.0 = RelWithDebInfo|Win32
		{C2B00419-A983-4DA1-9D0D-CDC8D6F39EFD}.Debug|Win32.ActiveCfg = Debug|Win32
		{C2B00419-A983-4DA1-9D0D-CDC8D6F39EFD}.Debug|Win32.Build.0 = Debug|Win32
		{C2B00419-A983-4DA1-9D0D-CDC8D6F39EFD}.Release|Win32.ActiveCfg = Release|Win32
		{C2B00419-A983-4DA1-9D0D-CDC8D6F39EFD}.Release|Win32.Build.0 = Release|Win32
		{C2B00419-A983-4DA1-9D0D-CDC8D6F39EFD}.MinSizeRel|Win32.ActiveCfg = MinSizeRel|Win32
		{C2B00419-A983-4DA1-9D0D-CDC8D6F39EFD}.MinSizeRel|Win32.Build.0 = MinSizeRel|Win32
		{C2B00419-A983-4DA1-9D0D-CDC8D6F39EFD}.RelWithDebInfo|Win32.ActiveCfg = RelWithDebInfo|Win32
		{C2B00419-A983-4DA1-9D0D-CDC8D6F39EFD}.RelWithDebInfo|Win32.Build.0 = RelWithDebInfo|Win32
		{19F8F1DF-575C-40C0-9E38-CADE4EA239C9}.Debug|Win32.ActiveCfg = Debug|Win32
		{19F8F1DF-575C-40C0-9E38-CADE4EA239C9}.Debug|Win32.Build.0 = Debug|Win32
		{19F8F1DF-575C-40C0-9E38-CADE4EA239C9}.Release|Win32.ActiveCfg = Release|Win32
		{19F8F1DF-575C-40C0-9E38-CADE4EA239C9}.Release|Win32.Build.0 = Release|Win32
		{19F8F1DF-575C-40C0-9E38-CADE4EA239C9}.MinSizeRel|Win32.ActiveCfg = MinSizeRel|Win32
		{19F8F1DF-575C-40C0-9E38-CADE4EA239C9}.MinSizeRel|Win32.Build.0 = MinSizeRel|Win32
		{19F8F1DF-575C-40C0-9E38-CADE4EA239C9}.RelWithDebInfo|Win32.ActiveCfg = RelWithDebInfo|Win32
		{19F8F1DF-575C-40C0-9E38-CADE4EA239C9}.RelWithDebInfo|Win32.Build.0 = RelWithDebInfo|Win32
		{6E4623CD-83BB-40A9-8D99-62401AF33134}.Debug|Win32.ActiveCfg = Debug|Win32
		{6E4623CD-83BB-40A9-8D99-62401AF33134}.Debug|Win32.Build.0 = Debug|Win32
		{6E4623CD-83BB-40A9-8D99-62401AF33134}.Release|Win32.ActiveCfg = Release|Win32
		{6E4623CD-83BB-40A9-8D99-62401AF33134}.Release|Win32.Build.0 = Release|Win32
		{6E4623CD-83BB-40A9-8D99-62401AF33134}.MinSizeRel|Win32.ActiveCfg = MinSizeRel|Win32
		{6E4623CD-83BB-40A9-8D99-62401AF33134}.MinSizeRel|Win32.Build.0 = MinSizeRel|Win32
		{6E4623CD-83BB-40A9-8D99-62401AF33134}.RelWithDebInfo|Win32.ActiveCfg = RelWithDebInfo|Win32
		{6E4623CD-83BB-40A9-8D99-62401AF33134}.RelWithDebInfo|Win32.Build.0 = RelWithDebInfo|Win32
		{52558C94-CEF2-4A6B-9CEF-45C611B0C746}.Debug|Win32.ActiveCfg = Debug|Win32
		{52558C94-CEF2-4A6B-9CEF-45C611B0C746}.Debug|Win32.Build.0 = Debug|Win32
		{52558C94-CEF2-4A6B-9CEF-45C611B0C746}.Release|Win32.ActiveCfg = Release|Win32
		{52558C94-CEF2-4A6B-9CEF-45C611B0C746}.Release|Win32.Build.0 = Release|Win32
		{52558C94-CEF2-4A6B-9CEF-45C611B0C746}.MinSizeRel|Win32.ActiveCfg = MinSizeRel|Win32
		{52558C94-CEF2-4A6B-9CEF-45C611B0C746}.MinSizeRel|Win32.Build.0 = MinSizeRel|Win32
		{52558C94-CEF2-4A6B-9CEF-45C611B0C746}.RelWithDebInfo|Win32.ActiveCfg = RelWithDebInfo|Win32
		{52558C94-CEF2-4A6B-9CEF-45C611B0C746}.RelWithDebInfo|Win32.Build.0 = RelWithDebInfo|Win32
		{95A2CC8F-3BC4-4EFE-8FDA-6DAC7036FC52}.Debug|Win32.ActiveCfg = Debug|Win32
		{95A2CC8F-3BC4-4EFE-8FDA-6DAC7036FC52}.Debug|Win32.Build.0 = Debug|Win32
		{95A2CC8F-3BC4-4EFE-8FDA-6DAC7036FC52}.Release|Win32.ActiveCfg = Release|Win32
		{95A2CC8F-3BC4-4EFE-8FDA-6DAC7036FC52}.Release|Win32.Build.0 = Release|Win32
		{95A2CC8F-3BC4-4EFE-8FDA-6DAC7036FC52}.MinSizeRel|Win32.ActiveCfg = MinSizeRel|Win32
		{95A2CC8F-3BC4-4EFE-8FDA-6DAC7036FC52}.MinSizeRel|Win32.Build.0 = MinSizeRel|Win32
		{95A2CC8F-3BC4-4EFE-8FDA-6DAC7036FC52}.RelWithDebInfo|Win32.ActiveCfg = RelWithDebInfo|Win32
		{95A2CC8F-3BC4-4EFE-8FDA-6DAC7036FC52}.RelWithDebInfo|Win32.Build.0 = RelWithDebInfo|Win32
		{C1EF637D-9EE6-48E0-8655-64442DD45493}.Debug|Win32.ActiveCfg = Debug|Win32
		{C1EF637D-9EE6-48E0-8655-64442DD45493}.Debug|Win32.Build.0 = Debug|Win32
		{C1EF637D-9EE6-48E0-8655-64442DD45493}.Release|Win32.ActiveCfg = Release|Win32
		{C1EF637D-9EE6-48E0-8655-64442DD45493}.Release|Win32.Build.0 = Release|Win32
		{C1EF637D-9EE6-48E0-8655-64442DD45493}.MinSizeRel|Win32.ActiveCfg = MinSizeRel|Win32
		{C1EF637D-9EE6-48E0-8655-64442DD45493}.MinSizeRel|Win32.Build.0 = MinSizeRel|Win32
		{C1EF637D-9EE6-48E0-8655-64442DD45493}.RelWithDebInfo|Win32.ActiveCfg = RelWithDebInfo|Win32
		{C1EF637D-9EE6-48E0-8655-64442DD45493}.RelWithDebInfo|Win32.Build.0 = RelWithDebInfo|Win32
		{F49B0EF3-8E65-4FB6-9CBC-A64A9A66979E}.Debug|Win32.ActiveCfg = Debug|Win32
		{F49B0EF3-8E65-4FB6-9CBC-A64A9A66979E}.Debug|Win32.Build.0 = Debug|Win32
		{F49B0EF3-8E65-4FB6-9CBC-A64A9A66979E}.Release|Win32.ActiveCfg = Release|Win32
		{F49B0EF3-8E65-4FB6-9CBC-A64A9A66979E}.Release|Win32.Build.0 = Release|Win32
		{F49B0EF3-8E65-4FB6-9CBC-A64A9A66979E}.MinSizeRel|Win32.ActiveCfg = MinSizeRel|Win32
		{F49B0EF3-8E65-4FB6-9CBC-A64A9A66979E}.MinSizeRel|Win32.Build.0 = MinSizeRel|Win32
		{F49B0EF3-8E65-4FB6-9CBC-A64A9A66979E}.RelWithDebInfo|Win32.ActiveCfg = RelWithDebInfo|Win32
		{F49B0EF3-8E65-4FB6-9CBC-A64A9A66979E}.RelWithDebInfo|Win32.Build.0 = RelWithDebInfo|Win32
		{195A6535-DFD1-4A2E-9AA4-8AD4022AD8ED}.Debug|Win32.ActiveCfg = Debug|Win32
		{195A6535-DFD1-4A2E-9AA4-8AD4022AD8ED}.Debug|Win32.Build.0 = Debug|Win32
		{195A6535-DFD1-4A2E-9AA4-8AD4022AD8ED}.Release|Win32.ActiveCfg = Release|Win32
		{195A6535-DFD1-4A2E-9AA4-8AD4022AD8ED}.Release|Win32.Build.0 = Release|Win32
		{195A6535-DFD1-4A2E-9AA4-8AD4022AD8ED}.MinSizeRel|Win32.ActiveCfg = MinSizeRel|Win32
		{195A6535-DFD1-4A2E-9AA4-8AD4022AD8ED}.MinSizeRel|Win32.Build.0 = MinSizeRel|Win32
		{195A6535-DFD1-4A2E-9AA4-8AD4022AD8ED}.RelWithDebInfo|Win32.ActiveCfg = RelWithDebInfo|Win32
		{195A6535-DFD1-4A2E-9AA4-8AD4022AD8ED}.RelWithDebInfo|Win32.Build.0 = RelWithDebInfo|Win32
		{30558176-23D7-4C11-BE5B-46728F442EDD}.Debug|Win32.ActiveCfg = Debug|Win32
		{30558176-23D7-4C11-BE5B-46728F442EDD}.Debug|Win32.Build.0 = Debug|Win32
		{30558176-23D7-4C11-BE5B-46728F442EDD}.Release|Win32.ActiveCfg = Release|Win32
		{30558176-23D7-4C11-BE5B-46728F442EDD}.Release|Win32.Build.0 = Release|Win32
		{30558176-23D7-4C11-BE5B-46728F442EDD}.MinSizeRel|Win32.ActiveCfg = MinSizeRel|Win32
		{30558176-23D7-4C11-BE5B-46728F442EDD}.MinSizeRel|Win32.Build.0 = MinSizeRel|Win32
		{30558176-23D7-4C11-BE5B-46728F442EDD}.RelWithDebInfo|Win32.ActiveCfg = RelWithDebInfo|Win32
		{30558176-23D7-4C11-BE5B-46728F442EDD}.RelWithDebInfo|Win32.Build.0 = RelWithDebInfo|Win32
		{902DF133-52BA-49B8-8253-08A3A69961CB}.Debug|Win32.ActiveCfg = Debug|Win32
		{902DF133-52BA-49B8-8253-08A3A69961CB}.Debug|Win32.Build.0 = Debug|Win32
		{902DF133-52BA-49B8-8253-08A3A69961CB}.Release|Win32.ActiveCfg = Release|Win32
		{902DF133-52BA-49B8-8253-08A3A69961CB}.Release|Win32.Build.0 = Release|Win32
		{902DF133-52BA-49B8-8253-08A3A69961CB}.MinSizeRel|Win32.ActiveCfg = MinSizeRel|Win32
		{902DF133-52BA-49B8-8253-08A3A69961CB}.MinSizeRel|Win32.Build.0 = MinSizeRel|Win32
		{902DF133-52BA-49B8-8253-08A3A69961CB}.RelWithDebInfo|Win32.ActiveCfg = RelWithDebInfo|Win32
		{902DF133-52BA-49B8-8253-08A3A69961CB}.RelWithDebInfo|Win32.Build.0 = RelWithDebInfo|Win32
		{F5AC3DCE-CCC0-4A9B-B272-C9A0897AAE96}.Debug|Win32.ActiveCfg = Debug|Win32
		{F5AC3DCE-CCC0-4A9B-B272-C9A0897AAE96}.Debug|Win32.Build.0 = Debug|Win32
		{F5AC3DCE-CCC0-4A9B-B272-C9A0897AAE96}.Release|Win32.ActiveCfg = Release|Win32
		{F5AC3DCE-CCC0-4A9B-B272-C9A0897AAE96}.Release|Win32.Build.0 = Release|Win32
		{F5AC3DCE-CCC0-4A9B-B272-C9A0897AAE96}.MinSizeRel|Win32.ActiveCfg = MinSizeRel|Win32
		{F5AC3DCE-CCC0-4A9B-B272-C9A0897AAE96}.MinSizeRel|Win32.Build.0 = MinSizeRel|Win32
		{F5AC3DCE-CCC0-4A9B-B272-C9A0897AAE96}.RelWithDebInfo|Win32.ActiveCfg = RelWithDebInfo|Win32
		{F5AC3DCE-CCC0-4A9B-B272-C9A0897AAE96}.RelWithDebInfo|Win32.Build.0 = RelWithDebInfo|Win32
		{C59A6F9C-3BE8-4C07-BD24-0D4EC68D2FCA}.Debug|Win32.ActiveCfg = Debug|Win32
		{C59A6F9C-3BE8-4C07-BD24-0D4EC68D2FCA}.Debug|Win32.Build.0 = Debug|Win32
		{C59A6F9C-3BE8-4C07-BD24-0D4EC68D2FCA}.Release|Win32.ActiveCfg = Release|Win32
		{C59A6F9C-3BE8-4C07-BD24-0D4EC68D2FCA}.Release|Win32.Build.0 = Release|Win32
		{C59A6F9C-3BE8-4C07-BD24-0D4EC68D2FCA}.MinSizeRel|Win32.ActiveCfg = MinSizeRel|Win32
		{C59A6F9C-3BE8-4C07-BD24-0D4EC68D2FCA}.MinSizeRel|Win32.Build.0 = MinSizeRel|Win32
		{C59A6F9C-3BE8-4C07-BD24-0D4EC68D2FCA}.RelWithDebInfo|Win32.ActiveCfg = RelWithDebInfo|Win32
		{C59A6F9C-3BE8-4C07-BD24-0D4EC68D2FCA}.RelWithDebInfo|Win32.Build.0 = RelWithDebInfo|Win32
		{85C08EDA-06ED-4B98-AF6D-1C3651A9138B}.Debug|Win32.ActiveCfg = Debug|Win32
		{85C08EDA-06ED-4B98-AF6D-1C3651A9138B}.Debug|Win32.Build.0 = Debug|Win32
		{85C08EDA-06ED-4B98-AF6D-1C3651A9138B}.Release|Win32.ActiveCfg = Release|Win32
		{85C08EDA-06ED-4B98-AF6D-1C3651A9138B}.Release|Win32.Build.0 = Release|Win32
		{85C08EDA-06ED-4B98-AF6D-1C3651A9138B}.MinSizeRel|Win32.ActiveCfg = MinSizeRel|Win32
		{85C08EDA-06ED-4B98-AF6D-1C3651A9138B}.MinSizeRel|Win32.Build.0 = MinSizeRel|Win32
		{85C08EDA-06ED-4B98-AF6D-1C3651A9138B}.RelWithDebInfo|Win32.ActiveCfg = RelWithDebInfo|Win32
		{85C08EDA-06ED-4B98-AF6D-1C3651A9138B}.RelWithDebInfo|Win32.Build.0 = RelWithDebInfo|Win32
		{78F24BE9-056C-4EC7-9C24-476D6E51EE2B}.Debug|Win32.ActiveCfg = Debug|Win32
		{78F24BE9-056C-4EC7-9C24-476D6E51EE2B}.Debug|Win32.Build.0 = Debug|Win32
		{78F24BE9-056C-4EC7-9C24-476D6E51EE2B}.Release|Win32.ActiveCfg = Release|Win32
		{78F24BE9-056C-4EC7-9C24-476D6E51EE2B}.Release|Win32.Build.0 = Release|Win32
		{78F24BE9-056C-4EC7-9C24-476D6E51EE2B}.MinSizeRel|Win32.ActiveCfg = MinSizeRel|Win32
		{78F24BE9-056C-4EC7-9C24-476D6E51EE2B}.MinSizeRel|Win32.Build.0 = MinSizeRel|Win32
		{78F24BE9-056C-4EC7-9C24-476D6E51EE2B}.RelWithDebInfo|Win32.ActiveCfg = RelWithDebInfo|Win32
		{78F24BE9-056C-4EC7-9C24-476D6E51EE2B}.RelWithDebInfo|Win32.Build.0 = RelWithDebInfo|Win32
		{B82035C3-6630-4C70-8281-E3E31717FE8B}.Debug|Win32.ActiveCfg = Debug|Win32
		{B82035C3-6630-4C70-8281-E3E31717FE8B}.Debug|Win32.Build.0 = Debug|Win32
		{B82035C3-6630-4C70-8281-E3E31717FE8B}.Release|Win32.ActiveCfg = Release|Win32
		{B82035C3-6630-4C70-8281-E3E31717FE8B}.Release|Win32.Build.0 = Release|Win32
		{B82035C3-6630-4C70-8281-E3E31717FE8B}.MinSizeRel|Win32.ActiveCfg = MinSizeRel|Win32
		{B82035C3-6630-4C70-8281-E3E31717FE8B}.MinSizeRel|Win32.Build.0 = MinSizeRel|Win32
		{B82035C3-6630-4C70-8281-E3E31717FE8B}.RelWithDebInfo|Win32.ActiveCfg = RelWithDebInfo|Win32
		{B82035C3-6630-4C70-8281-E3E31717FE8B}.RelWithDebInfo|Win32.Build.0 = RelWithDebInfo|Win32
		{5A9128C8-F339-4CAC-ADAA-B6DA782367C2}.Debug|Win32.ActiveCfg = Debug|Win32
		{5A9128C8-F339-4CAC-ADAA-B6DA782367C2}.Debug|Win32.Build.0 = Debug|Win32
		{5A9128C8-F339-4CAC-ADAA-B6DA782367C2}.Release|Win32.ActiveCfg = Release|Win32
		{5A9128C8-F339-4CAC-ADAA-B6DA782367C2}.Release|Win32.Build.0 = Release|Win32
		{5A9128C8-F339-4CAC-ADAA-B6DA782367C2}.MinSizeRel|Win32.ActiveCfg = MinSizeRel|Win32
		{5A9128C8-F339-4CAC-ADAA-B6DA782367C2}.MinSizeRel|Win32.Build.0 = MinSizeRel|Win32
		{5A9128C8-F339-4CAC-ADAA-B6DA782367C2}.RelWithDebInfo|Win32.ActiveCfg = RelWithDebInfo|Win32
		{5A9128C8-F339-4CAC-ADAA-B6DA782367C2}.RelWithDebInfo|Win32.Build.0 = RelWithDebInfo|Win32
		{DE758DD2-2E80-4265-9065-0A14518D09F8}.Debug|Win32.ActiveCfg = Debug|Win32
		{DE758DD2-2E80-4265-9065-0A14518D09F8}.Debug|Win32.Build.0 = Debug|Win32
		{DE758DD2-2E80-4265-9065-0A14518D09F8}.Release|Win32.ActiveCfg = Release|Win32
		{DE758DD2-2E80-4265-9065-0A14518D09F8}.Release|Win32.Build.0 = Release|Win32
		{DE758DD2-2E80-4265-9065-0A14518D09F8}.MinSizeRel|Win32.ActiveCfg = MinSizeRel|Win32
		{DE758DD2-2E80-4265-9065-0A14518D09F8}.MinSizeRel|Win32.Build.0 = MinSizeRel|Win32
		{DE758DD2-2E80-4265-9065-0A14518D09F8}.RelWithDebInfo|Win32.ActiveCfg = RelWithDebInfo|Win32
		{DE758DD2-2E80-4265-9065-0A14518D09F8}.RelWithDebInfo|Win32.Build.0 = RelWithDebInfo|Win32
		{DD6AB595-1441-4F44-B4BF-5674DF309EED}.Debug|Win32.ActiveCfg = Debug|Win32
		{DD6AB595-1441-4F44-B4BF-5674DF309EED}.Debug|Win32.Build.0 = Debug|Win32
		{DD6AB595-1441-4F44-B4BF-5674DF309EED}.Release|Win32.ActiveCfg = Release|Win32
		{DD6AB595-1441-4F44-B4BF-5674DF309EED}.Release|Win32.Build.0 = Release|Win32
		{DD6AB595-1441-4F44-B4BF-5674DF309EED}.MinSizeRel|Win32.ActiveCfg = MinSizeRel|Win32
		{DD6AB595-1441-4F44-B4BF-5674DF309EED}.MinSizeRel|Win32.Build.0 = MinSizeRel|Win32
		{DD6AB595-1441-4F44-B4BF-5674DF309EED}.RelWithDebInfo|Win32.ActiveCfg = RelWithDebInfo|Win32
		{DD6AB595-1441-4F44-B4BF-5674DF309EED}.RelWithDebInfo|Win32.Build.0 = RelWithDebInfo|Win32
		{52A26DFF-907C-4552-98E9-FE766D7F1551}.Debug|Win32.ActiveCfg = Debug|Win32
		{52A26DFF-907C-4552-98E9-FE766D7F1551}.Debug|Win32.Build.0 = Debug|Win32
		{52A26DFF-907C-4552-98E9-FE766D7F1551}.Release|Win32.ActiveCfg = Release|Win32
		{52A26DFF-907C-4552-98E9-FE766D7F1551}.Release|Win32.Build.0 = Release|Win32
		{52A26DFF-907C-4552-98E9-FE766D7F1551}.MinSizeRel|Win32.ActiveCfg = MinSizeRel|Win32
		{52A26DFF-907C-4552-98E9-FE766D7F1551}.MinSizeRel|Win32.Build.0 = MinSizeRel|Win32
		{52A26DFF-907C-4552-98E9-FE766D7F1551}.RelWithDebInfo|Win32.ActiveCfg = RelWithDebInfo|Win32
		{52A26DFF-907C-4552-98E9-FE766D7F1551}.RelWithDebInfo|Win32.Build.0 = RelWithDebInfo|Win32
		{632D0A44-EF3C-4623-B4CC-7B4D777DC0E0}.Debug|Win32.ActiveCfg = Debug|Win32
		{632D0A44-EF3C-4623-B4CC-7B4D777DC0E0}.Debug|Win32.Build.0 = Debug|Win32
		{632D0A44-EF3C-4623-B4CC-7B4D777DC0E0}.Release|Win32.ActiveCfg = Release|Win32
		{632D0A44-EF3C-4623-B4CC-7B4D777DC0E0}.Release|Win32.Build.0 = Release|Win32
		{632D0A44-EF3C-4623-B4CC-7B4D777DC0E0}.MinSizeRel|Win32.ActiveCfg = MinSizeRel|Win32
		{632D0A44-EF3C-4623-B4CC-7B4D777DC0E0}.MinSizeRel|Win32.Build.0 = MinSizeRel|Win32
		{632D0A44-EF3C-4623-B4CC-7B4D777DC0E0}.RelWithDebInfo|Win32.ActiveCfg = RelWithDebInfo|Win32
		{632D0A44-EF3C-4623-B4CC-7B4D777DC0E0}.RelWithDebInfo|Win32.Build.0 = RelWithDebInfo|Win32
		{B7387AD9-6462-4BE4-B30A-D56ED6BC2DD1}.Debug|Win32.ActiveCfg = Debug|Win32
		{B7387AD9-6462-4BE4-B30A-D56ED6BC2DD1}.Debug|Win32.Build.0 = Debug|Win32
		{B7387AD9-6462-4BE4-B30A-D56ED6BC2DD1}.Release|Win32.ActiveCfg = Release|Win32
		{B7387AD9-6462-4BE4-B30A-D56ED6BC2DD1}.Release|Win32.Build.0 = Release|Win32
		{B7387AD9-6462-4BE4-B30A-D56ED6BC2DD1}.MinSizeRel|Win32.ActiveCfg = MinSizeRel|Win32
		{B7387AD9-6462-4BE4-B30A-D56ED6BC2DD1}.MinSizeRel|Win32.Build.0 = MinSizeRel|Win32
		{B7387AD9-6462-4BE4-B30A-D56ED6BC2DD1}.RelWithDebInfo|Win32.ActiveCfg = RelWithDebInfo|Win32
		{B7387AD9-6462-4BE4-B30A-D56ED6BC2DD1}.RelWithDebInfo|Win32.Build.0 = RelWithDebInfo|Win32
		{E60C121C-1F65-482A-B8F0-3470D8F01A78}.Debug|Win32.ActiveCfg = Debug|Win32
		{E60C121C-1F65-482A-B8F0-3470D8F01A78}.Debug|Win32.Build.0 = Debug|Win32
		{E60C121C-1F65-482A-B8F0-3470D8F01A78}.Release|Win32.ActiveCfg = Release|Win32
		{E60C121C-1F65-482A-B8F0-3470D8F01A78}.Release|Win32.Build.0 = Release|Win32
		{E60C121C-1F65-482A-B8F0-3470D8F01A78}.MinSizeRel|Win32.ActiveCfg = MinSizeRel|Win32
		{E60C121C-1F65-482A-B8F0-3470D8F01A78}.MinSizeRel|Win32.Build.0 = MinSizeRel|Win32
		{E60C121C-1F65-482A-B8F0-3470D8F01A78}.RelWithDebInfo|Win32.ActiveCfg = RelWithDebInfo|Win32
		{E60C121C-1F65-482A-B8F0-3470D8F01A78}.RelWithDebInfo|Win32.Build.0 = RelWithDebInfo|Win32
		{CA1A3DEE-57B4-438F-BE58-0849979E10A9}.Debug|Win32.ActiveCfg = Debug|Win32
		{CA1A3DEE-57B4-438F-BE58-0849979E10A9}.Debug|Win32.Build.0 = Debug|Win32
		{CA1A3DEE-57B4-438F-BE58-0849979E10A9}.Release|Win32.ActiveCfg = Release|Win32
		{CA1A3DEE-57B4-438F-BE58-0849979E10A9}.Release|Win32.Build.0 = Release|Win32
		{CA1A3DEE-57B4-438F-BE58-0849979E10A9}.MinSizeRel|Win32.ActiveCfg = MinSizeRel|Win32
		{CA1A3DEE-57B4-438F-BE58-0849979E10A9}.MinSizeRel|Win32.Build.0 = MinSizeRel|Win32
		{CA1A3DEE-57B4-438F-BE58-0849979E10A9}.RelWithDebInfo|Win32.ActiveCfg = RelWithDebInfo|Win32
		{CA1A3DEE-57B4-438F-BE58-0849979E10A9}.RelWithDebInfo|Win32.Build.0 = RelWithDebInfo|Win32
		{9F550428-1310-4B64-96FB-EDD9804E55C8}.Debug|Win32.ActiveCfg = Debug|Win32
		{9F550428-1310-4B64-96FB-EDD9804E55C8}.Debug|Win32.Build.0 = Debug|Win32
		{9F550428-1310-4B64-96FB-EDD9804E55C8}.Release|Win32.ActiveCfg = Release|Win32
		{9F550428-1310-4B64-96FB-EDD9804E55C8}.Release|Win32.Build.0 = Release|Win32
		{9F550428-1310-4B64-96FB-EDD9804E55C8}.MinSizeRel|Win32.ActiveCfg = MinSizeRel|Win32
		{9F550428-1310-4B64-96FB-EDD9804E55C8}.MinSizeRel|Win32.Build.0 = MinSizeRel|Win32
		{9F550428-1310-4B64-96FB-EDD9804E55C8}.RelWithDebInfo|Win32.ActiveCfg = RelWithDebInfo|Win32
		{9F550428-1310-4B64-96FB-EDD9804E55C8}.RelWithDebInfo|Win32.Build.0 = RelWithDebInfo|Win32
	EndGlobalSection
	GlobalSection(ExtensibilityGlobals) = postSolution
	EndGlobalSection
	GlobalSection(ExtensibilityAddIns) = postSolution
	EndGlobalSection
EndGlobal
